guid: 3195423b-0513-45e2-951b-87f9c5d534b0
name: AzureResourceManagerLock
title: Apply an Azure Resource Manager lock on the storage account.
description: Locking an account prevents it from being deleted and causing data loss.
source:
  type: revcl
  file: ./checklists-ext/wafsg_checklist.en.json
services:
- Azure Blob Storage
resourceTypes:
- Microsoft.Storage/storageAccounts
waf: Security
labels: {}
links: []
queries: []
